
Microsoft Visual Studio Solution File, Format Version 12.00
# Visual Studio 2012
Project("{FAE04EC0-301F-11D3-BF4B-00C04F79EFBC}") = "iOsDemo", "iOsDemo\iOsDemo.csproj", "{B8FAA215-C967-4ABA-BB5D-7939D03BB40F}"
EndProject
Global
	GlobalSection(SolutionConfigurationPlatforms) = preSolution
		Debug|iPhoneSimulator = Debug|iPhoneSimulator
		Release|iPhone = Release|iPhone
		Release|iPhoneSimulator = Release|iPhoneSimulator
		Debug|iPhone = Debug|iPhone
	EndGlobalSection
	GlobalSection(ProjectConfigurationPlatforms) = postSolution
		{B8FAA215-C967-4ABA-BB5D-7939D03BB40F}.Debug|iPhoneSimulator.ActiveCfg = Debug|iPhoneSimulator
		{B8FAA215-C967-4ABA-BB5D-7939D03BB40F}.Debug|iPhoneSimulator.Build.0 = Debug|iPhoneSimulator
		{B8FAA215-C967-4ABA-BB5D-7939D03BB40F}.Release|iPhone.ActiveCfg = Release|iPhone
		{B8FAA215-C967-4ABA-BB5D-7939D03BB40F}.Release|iPhone.Build.0 = Release|iPhone
		{B8FAA215-C967-4ABA-BB5D-7939D03BB40F}.Release|iPhoneSimulator.ActiveCfg = Release|iPhoneSimulator
		{B8FAA215-C967-4ABA-BB5D-7939D03BB40F}.Release|iPhoneSimulator.Build.0 = Release|iPhoneSimulator
		{B8FAA215-C967-4ABA-BB5D-7939D03BB40F}.Debug|iPhone.ActiveCfg = Debug|iPhone
		{B8FAA215-C967-4ABA-BB5D-7939D03BB40F}.Debug|iPhone.Build.0 = Debug|iPhone
	EndGlobalSection
EndGlobal
