
Microsoft Visual Studio Solution File, Format Version 12.00
# Visual Studio 2012
Project("{FAE04EC0-301F-11D3-BF4B-00C04F79EFBC}") = "SidebarDemo", "SidebarDemo\SidebarDemo.csproj", "{8B4742B5-4C4B-48FD-B76C-85A6DBFF7E62}"
EndProject
Global
	GlobalSection(SolutionConfigurationPlatforms) = preSolution
		Debug|iPhoneSimulator = Debug|iPhoneSimulator
		Release|iPhone = Release|iPhone
		Release|iPhoneSimulator = Release|iPhoneSimulator
		Debug|iPhone = Debug|iPhone
	EndGlobalSection
	GlobalSection(ProjectConfigurationPlatforms) = postSolution
		{8B4742B5-4C4B-48FD-B76C-85A6DBFF7E62}.Debug|iPhoneSimulator.ActiveCfg = Debug|iPhoneSimulator
		{8B4742B5-4C4B-48FD-B76C-85A6DBFF7E62}.Debug|iPhoneSimulator.Build.0 = Debug|iPhoneSimulator
		{8B4742B5-4C4B-48FD-B76C-85A6DBFF7E62}.Release|iPhone.ActiveCfg = Release|iPhone
		{8B4742B5-4C4B-48FD-B76C-85A6DBFF7E62}.Release|iPhone.Build.0 = Release|iPhone
		{8B4742B5-4C4B-48FD-B76C-85A6DBFF7E62}.Release|iPhoneSimulator.ActiveCfg = Release|iPhoneSimulator
		{8B4742B5-4C4B-48FD-B76C-85A6DBFF7E62}.Release|iPhoneSimulator.Build.0 = Release|iPhoneSimulator
		{8B4742B5-4C4B-48FD-B76C-85A6DBFF7E62}.Debug|iPhone.ActiveCfg = Debug|iPhone
		{8B4742B5-4C4B-48FD-B76C-85A6DBFF7E62}.Debug|iPhone.Build.0 = Debug|iPhone
	EndGlobalSection
EndGlobal
